# This file is autogenerated, do not edit; changes may be undone by the next 'dep ensure'.


[[projects]]
  digest = "1:a53a5c3f6a5239315ebf8bf018b3156038e3f5376bd2681e061f5ca2f3a65970"
  name = "github.com/codegangsta/cli"
  packages = ["."]
  pruneopts = ""
  revision = "0302d3914d2a6ad61404584cdae6e6dbc9c03599"

[[projects]]
  digest = "1:3734a927c8a61903115e561a1a7860153e5c02b4f80f21b13467a42759f04ac5"
  name = "github.com/davecgh/go-spew"
  packages = ["spew"]
  pruneopts = ""
  revision = "5215b55f46b2b919f50a1df0eaa5886afe4e3b3d"

[[projects]]
  digest = "1:256484dbbcd271f9ecebc6795b2df8cad4c458dd0f5fd82a8c2fa0c29f233411"
  name = "github.com/pmezard/go-difflib"
  packages = ["difflib"]
  pruneopts = ""
  revision = "792786c7400a136282c1664665ae0a8db921c6c2"
  version = "v1.0.0"

[[projects]]
  branch = "master"
  digest = "1:e6ec03ea453bba13114f1f06aa8541ff063178ca5be3bad5b2b4aa4253b712e9"
  name = "github.com/skarademir/naturalsort"
  packages = ["."]
  pruneopts = ""
  revision = "69a5d87bef620f77ee8508db30c846b3b84b111e"

[[projects]]
  digest = "1:f615c045cfb623a907a377c80fffefd0e217316b1a7f091a9574da8106fca125"
  name = "github.com/stretchr/testify"
  packages = [
    "assert",
    "mock",
  ]
  pruneopts = ""
  revision = "1f4a1643a57e798696635ea4c126e9127adb7d3c"

[[projects]]
  branch = "master"
  digest = "1:887074c37fcefc2f49b5ae9c6f9f36107341aec23185613d0e9f1ee81db7f94a"
  name = "golang.org/x/crypto"
  packages = [
    "curve25519",
    "ed25519",
    "ed25519/internal/edwards25519",
    "internal/chacha20",
    "internal/subtle",
    "poly1305",
    "ssh",
    "ssh/terminal",
  ]
  pruneopts = ""
  revision = "505ab145d0a99da450461ae2c1a9f6cd10d1f447"

[[projects]]
  branch = "master"
  digest = "1:45710007f30fca7b0aa2bbc40acb1266cb62a86b27446b37002bee770ed667c8"
  name = "golang.org/x/sys"
  packages = [
    "unix",
    "windows",
    "windows/registry",
  ]
  pruneopts = ""
  revision = "a5c9d58dba9a56f97aaa86f55e638b718c5a6c42"
